
Microsoft Visual Studio Solution File, Format Version 12.00
# Visual Studio Version 16
VisualStudioVersion = 16.0.29215.179
MinimumVisualStudioVersion = 10.0.40219.1
Project("{FAE04EC0-301F-11D3-BF4B-00C04F79EFBC}") = "DatebaseFirst", "DatebaseFirst\DatebaseFirst.csproj", "{67AC94F8-4838-4DE6-AFC6-0FBBDF736949}"
EndProject
Global
	GlobalSection(SolutionConfigurationPlatforms) = preSolution
		Debug|Any CPU = Debug|Any CPU
		Release|Any CPU = Release|Any CPU
	EndGlobalSection
	GlobalSection(ProjectConfigurationPlatforms) = postSolution
		{67AC94F8-4838-4DE6-AFC6-0FBBDF736949}.Debug|Any CPU.ActiveCfg = Debug|Any CPU
		{67AC94F8-4838-4DE6-AFC6-0FBBDF736949}.Debug|Any CPU.Build.0 = Debug|Any CPU
		{67AC94F8-4838-4DE6-AFC6-0FBBDF736949}.Release|Any CPU.ActiveCfg = Release|Any CPU
		{67AC94F8-4838-4DE6-AFC6-0FBBDF736949}.Release|Any CPU.Build.0 = Release|Any CPU
	EndGlobalSection
	GlobalSection(SolutionProperties) = preSolution
		HideSolutionNode = FALSE
	EndGlobalSection
	GlobalSection(ExtensibilityGlobals) = postSolution
		SolutionGuid = {945424D4-7879-42DA-92A8-49B72940D5F6}
	EndGlobalSection
EndGlobal
